// !$*UTF8*$!
{
	archiveVersion = 1;
	classes = {
	};
	objectVersion = 46;
	objects = {

/* Begin PBXBuildFile section */
		016738F21E2FB832009CAAF1 /* FMYCollectionViewCell.swift in Sources */ = {isa = PBXBuildFile; fileRef = 016738F11E2FB832009CAAF1 /* FMYCollectionViewCell.swift */; };
		016738F41E2FB890009CAAF1 /* FMYWExamCollectionCell.swift in Sources */ = {isa = PBXBuildFile; fileRef = 016738F31E2FB890009CAAF1 /* FMYWExamCollectionCell.swift */; };
		01CE75071E0839A700B76D1C /* AppDelegate.swift in Sources */ = {isa = PBXBuildFile; fileRef = 01CE75061E0839A700B76D1C /* AppDelegate.swift */; };
		01CE75091E0839A700B76D1C /* ViewController.swift in Sources */ = {isa = PBXBuildFile; fileRef = 01CE75081E0839A700B76D1C /* ViewController.swift */; };
		01CE750C1E0839A700B76D1C /* Main.storyboard in Resources */ = {isa = PBXBuildFile; fileRef = 01CE750A1E0839A700B76D1C /* Main.storyboard */; };
		01CE750E1E0839A700B76D1C /* Assets.xcassets in Resources */ = {isa = PBXBuildFile; fileRef = 01CE750D1E0839A700B76D1C /* Assets.xcassets */; };
		01CE75111E0839A700B76D1C /* LaunchScreen.storyboard in Resources */ = {isa = PBXBuildFile; fileRef = 01CE750F1E0839A700B76D1C /* LaunchScreen.storyboard */; };
		01CE75341E0842A600B76D1C /* FMYWCityInfoViewController.swift in Sources */ = {isa = PBXBuildFile; fileRef = 01CE752C1E0842A600B76D1C /* FMYWCityInfoViewController.swift */; };
		01CE75351E0842A600B76D1C /* FMYWCityListViewController.swift in Sources */ = {isa = PBXBuildFile; fileRef = 01CE752D1E0842A600B76D1C /* FMYWCityListViewController.swift */; };
		01CE75371E0842A600B76D1C /* FMYWFavorViewController.swift in Sources */ = {isa = PBXBuildFile; fileRef = 01CE752F1E0842A600B76D1C /* FMYWFavorViewController.swift */; };
		01CE75391E0842A600B76D1C /* FMYWNavigationController.swift in Sources */ = {isa = PBXBuildFile; fileRef = 01CE75311E0842A600B76D1C /* FMYWNavigationController.swift */; };
		01CE753A1E0842A600B76D1C /* FMYWTabBarViewController.swift in Sources */ = {isa = PBXBuildFile; fileRef = 01CE75321E0842A600B76D1C /* FMYWTabBarViewController.swift */; };
		01CE753B1E0842A600B76D1C /* FMYWViewController.swift in Sources */ = {isa = PBXBuildFile; fileRef = 01CE75331E0842A600B76D1C /* FMYWViewController.swift */; };
		01CE75421E096F9B00B76D1C /* UIView+Positioning.m in Sources */ = {isa = PBXBuildFile; fileRef = 01CE75411E096F9B00B76D1C /* UIView+Positioning.m */; };
		01CE75451E09710700B76D1C /* FMYWBtnTab.swift in Sources */ = {isa = PBXBuildFile; fileRef = 01CE75441E09710700B76D1C /* FMYWBtnTab.swift */; };
		01CE75471E09758700B76D1C /* constantUI.swift in Sources */ = {isa = PBXBuildFile; fileRef = 01CE75461E09758700B76D1C /* constantUI.swift */; };
		01CE754D1E09831100B76D1C /* moon@3x.png in Resources */ = {isa = PBXBuildFile; fileRef = 01CE754A1E09831100B76D1C /* moon@3x.png */; };
		01CE754E1E09831100B76D1C /* sun@3x.png in Resources */ = {isa = PBXBuildFile; fileRef = 01CE754B1E09831100B76D1C /* sun@3x.png */; };
		01CE754F1E09831100B76D1C /* tabbar_bg@1x.png in Resources */ = {isa = PBXBuildFile; fileRef = 01CE754C1E09831100B76D1C /* tabbar_bg@1x.png */; };
		01CE755E1E0FD09B00B76D1C /* readme.md in Resources */ = {isa = PBXBuildFile; fileRef = 01CE755D1E0FD09B00B76D1C /* readme.md */; };
		01CE75611E0FD71300B76D1C /* FMYWJokeViewController.swift in Sources */ = {isa = PBXBuildFile; fileRef = 01CE75601E0FD71300B76D1C /* FMYWJokeViewController.swift */; };
		01CE75651E0FDD3C00B76D1C /* FMYURLSessionManager.swift in Sources */ = {isa = PBXBuildFile; fileRef = 01CE75631E0FDD3C00B76D1C /* FMYURLSessionManager.swift */; };
		01CE75661E0FDD3C00B76D1C /* FMYHTTPSessionManager.swift in Sources */ = {isa = PBXBuildFile; fileRef = 01CE75641E0FDD3C00B76D1C /* FMYHTTPSessionManager.swift */; };
		01CE75681E1003E800B76D1C /* constantStr.swift in Sources */ = {isa = PBXBuildFile; fileRef = 01CE75671E1003E800B76D1C /* constantStr.swift */; };
		01CE756B1E100D5400B76D1C /* FMYWJokeModel.swift in Sources */ = {isa = PBXBuildFile; fileRef = 01CE756A1E100D5400B76D1C /* FMYWJokeModel.swift */; };
		01CE756D1E1018CF00B76D1C /* FMYWJokeTableCell.swift in Sources */ = {isa = PBXBuildFile; fileRef = 01CE756C1E1018CF00B76D1C /* FMYWJokeTableCell.swift */; };
		01CE756F1E101F3A00B76D1C /* FMYWJokeDetailViewController.swift in Sources */ = {isa = PBXBuildFile; fileRef = 01CE756E1E101F3A00B76D1C /* FMYWJokeDetailViewController.swift */; };
		01CE75721E11687400B76D1C /* FMYUtils.swift in Sources */ = {isa = PBXBuildFile; fileRef = 01CE75711E11687400B76D1C /* FMYUtils.swift */; };
		01CE75741E11711000B76D1C /* FMYWTodayHistoryDetailViewController.swift in Sources */ = {isa = PBXBuildFile; fileRef = 01CE75731E11711000B76D1C /* FMYWTodayHistoryDetailViewController.swift */; };
		01CE75991E16B10E00B76D1C /* FMYWBarButtomItem.swift in Sources */ = {isa = PBXBuildFile; fileRef = 01CE75981E16B10E00B76D1C /* FMYWBarButtomItem.swift */; };
		01CE759B1E177D7900B76D1C /* FMYWTodayNewsPageViewController.swift in Sources */ = {isa = PBXBuildFile; fileRef = 01CE759A1E177D7900B76D1C /* FMYWTodayNewsPageViewController.swift */; };
		01CE759D1E177E9600B76D1C /* FMYWTodayNewsViewController.swift in Sources */ = {isa = PBXBuildFile; fileRef = 01CE759C1E177E9600B76D1C /* FMYWTodayNewsViewController.swift */; };
		01CE75A41E178A8F00B76D1C /* CNSegmentView.m in Sources */ = {isa = PBXBuildFile; fileRef = 01CE75A31E178A8F00B76D1C /* CNSegmentView.m */; };
		01CE75A91E17935F00B76D1C /* Control_BezierPath.m in Sources */ = {isa = PBXBuildFile; fileRef = 01CE75A61E17935F00B76D1C /* Control_BezierPath.m */; };
		01CE75AA1E17935F00B76D1C /* ControlBezierPlat.m in Sources */ = {isa = PBXBuildFile; fileRef = 01CE75A81E17935F00B76D1C /* ControlBezierPlat.m */; };
		01CE75AC1E1793AD00B76D1C /* FMYWNewsItemViewController.swift in Sources */ = {isa = PBXBuildFile; fileRef = 01CE75AB1E1793AD00B76D1C /* FMYWNewsItemViewController.swift */; };
		01CE75AE1E179D7B00B76D1C /* moonback.png in Resources */ = {isa = PBXBuildFile; fileRef = 01CE75AD1E179D7B00B76D1C /* moonback.png */; };
		01CE75B11E17C9CB00B76D1C /* fmywplist.plist in Resources */ = {isa = PBXBuildFile; fileRef = 01CE75B01E17C9CB00B76D1C /* fmywplist.plist */; };
		01CE75B41E17D60300B76D1C /* btn_check_yes@2x.png in Resources */ = {isa = PBXBuildFile; fileRef = 01CE75B21E17D60300B76D1C /* btn_check_yes@2x.png */; };
		01CE75B51E17D60300B76D1C /* btn_check_yes@3x.png in Resources */ = {isa = PBXBuildFile; fileRef = 01CE75B31E17D60300B76D1C /* btn_check_yes@3x.png */; };
		01CE75B81E17D66E00B76D1C /* btn_check_no@2x.png in Resources */ = {isa = PBXBuildFile; fileRef = 01CE75B61E17D66E00B76D1C /* btn_check_no@2x.png */; };
		01CE75B91E17D66E00B76D1C /* btn_check_no@3x.png in Resources */ = {isa = PBXBuildFile; fileRef = 01CE75B71E17D66E00B76D1C /* btn_check_no@3x.png */; };
		01ED773E1E1898B100812659 /* FMYWTodayNewsListViewController.swift in Sources */ = {isa = PBXBuildFile; fileRef = 01ED773D1E1898B100812659 /* FMYWTodayNewsListViewController.swift */; };
		01ED77491E18A5DC00812659 /* FMYWObject.m in Sources */ = {isa = PBXBuildFile; fileRef = 01ED77481E18A5DC00812659 /* FMYWObject.m */; };
		01ED774C1E18AD6000812659 /* FMYWNewsTableViewCell.swift in Sources */ = {isa = PBXBuildFile; fileRef = 01ED774A1E18AD6000812659 /* FMYWNewsTableViewCell.swift */; };
		01ED774F1E18B7F500812659 /* FMYWNewsDetailViewController.swift in Sources */ = {isa = PBXBuildFile; fileRef = 01ED774E1E18B7F500812659 /* FMYWNewsDetailViewController.swift */; };
		50AE2C717F150A3C08015D88 /* Pods_FMYWeath.framework in Frameworks */ = {isa = PBXBuildFile; fileRef = 122121E0E98CE14AB6EAFB7F /* Pods_FMYWeath.framework */; };
		8E2062DC1E2F46D40094B8E6 /* FMYButton.swift in Sources */ = {isa = PBXBuildFile; fileRef = 8E2062DB1E2F46D40094B8E6 /* FMYButton.swift */; };
		8E2062E11E2F588E0094B8E6 /* market_selected_button@2x.png in Resources */ = {isa = PBXBuildFile; fileRef = 8E2062DD1E2F588E0094B8E6 /* market_selected_button@2x.png */; };
		8E2062E21E2F588E0094B8E6 /* market_selected_button@3x.png in Resources */ = {isa = PBXBuildFile; fileRef = 8E2062DE1E2F588E0094B8E6 /* market_selected_button@3x.png */; };
		8E2062E31E2F588E0094B8E6 /* market_unselected_button@2x.png in Resources */ = {isa = PBXBuildFile; fileRef = 8E2062DF1E2F588E0094B8E6 /* market_unselected_button@2x.png */; };
		8E2062E41E2F588E0094B8E6 /* market_unselected_button@3x.png in Resources */ = {isa = PBXBuildFile; fileRef = 8E2062E01E2F588E0094B8E6 /* market_unselected_button@3x.png */; };
		8E2062E61E2F5B590094B8E6 /* FMYWCheckItemView.swift in Sources */ = {isa = PBXBuildFile; fileRef = 8E2062E51E2F5B590094B8E6 /* FMYWCheckItemView.swift */; };
		8E2062E81E2F5D3D0094B8E6 /* FMYLabel.swift in Sources */ = {isa = PBXBuildFile; fileRef = 8E2062E71E2F5D3D0094B8E6 /* FMYLabel.swift */; };
		8E2062EB1E2F689F0094B8E6 /* FMYWDrivingLicenseViewController.swift in Sources */ = {isa = PBXBuildFile; fileRef = 8E2062E91E2F689F0094B8E6 /* FMYWDrivingLicenseViewController.swift */; };
		8E2062EE1E2F68FC0094B8E6 /* FMYWDrivingExamSystemViewController.swift in Sources */ = {isa = PBXBuildFile; fileRef = 8E2062ED1E2F68FC0094B8E6 /* FMYWDrivingExamSystemViewController.swift */; };
		8E2062F01E3087500094B8E6 /* FMYExtension.swift in Sources */ = {isa = PBXBuildFile; fileRef = 8E2062EF1E3087500094B8E6 /* FMYExtension.swift */; };
		8E2860B31E128B6300EEC3BC /* FMYWImgShowView.swift in Sources */ = {isa = PBXBuildFile; fileRef = 8E2860B21E128B6300EEC3BC /* FMYWImgShowView.swift */; };
		8E2860BE1E13DC8700EEC3BC /* FMYWAlmanacViewController.swift in Sources */ = {isa = PBXBuildFile; fileRef = 8E2860BD1E13DC8700EEC3BC /* FMYWAlmanacViewController.swift */; };
		8E2860C01E13E33A00EEC3BC /* FMYWAlmanacModel.swift in Sources */ = {isa = PBXBuildFile; fileRef = 8E2860BF1E13E33A00EEC3BC /* FMYWAlmanacModel.swift */; };
		8E2860C21E13E7F500EEC3BC /* FMYWAlmanacPlatView.swift in Sources */ = {isa = PBXBuildFile; fileRef = 8E2860C11E13E7F500EEC3BC /* FMYWAlmanacPlatView.swift */; };
		8E49046C1E1B81DD00B72F87 /* FMYWTodayHomeTableViewController.swift in Sources */ = {isa = PBXBuildFile; fileRef = 8E49046B1E1B81DD00B72F87 /* FMYWTodayHomeTableViewController.swift */; };
		8EAF8DD21E16645100693C26 /* FMYWAlmanacPartTimeTableViewController.swift in Sources */ = {isa = PBXBuildFile; fileRef = 8EAF8DD11E16645100693C26 /* FMYWAlmanacPartTimeTableViewController.swift */; };
		8EAF8DD41E1664D100693C26 /* FMYWAlmanacPartTimeTableCell.swift in Sources */ = {isa = PBXBuildFile; fileRef = 8EAF8DD31E1664D100693C26 /* FMYWAlmanacPartTimeTableCell.swift */; };
		8EE3E7A91E262A460032EF3D /* FMYWJokePicViewController.swift in Sources */ = {isa = PBXBuildFile; fileRef = 8EE3E7A81E262A460032EF3D /* FMYWJokePicViewController.swift */; };
		8EE3E7AC1E2636950032EF3D /* FMYTableView.swift in Sources */ = {isa = PBXBuildFile; fileRef = 8EE3E7AB1E2636950032EF3D /* FMYTableView.swift */; };
		8EE3E7AE1E2636A60032EF3D /* FMYTableViewCell.swift in Sources */ = {isa = PBXBuildFile; fileRef = 8EE3E7AD1E2636A60032EF3D /* FMYTableViewCell.swift */; };
		8EE3E7B01E2638D50032EF3D /* FMYWJokePicTableCell.swift in Sources */ = {isa = PBXBuildFile; fileRef = 8EE3E7AF1E2638D50032EF3D /* FMYWJokePicTableCell.swift */; };
		8EFE72411E112DB000934A13 /* MJRefresh.framework in Frameworks */ = {isa = PBXBuildFile; fileRef = 8EFE72401E112DB000934A13 /* MJRefresh.framework */; };
		8EFE72431E11425700934A13 /* FMYWJokeListViewController.swift in Sources */ = {isa = PBXBuildFile; fileRef = 8EFE72421E11425700934A13 /* FMYWJokeListViewController.swift */; };
		8EFE72451E1149F300934A13 /* FMYWTodayHistoryViewController.swift in Sources */ = {isa = PBXBuildFile; fileRef = 8EFE72441E1149F300934A13 /* FMYWTodayHistoryViewController.swift */; };
		8EFE72471E114EC700934A13 /* FMYWTodayHistoryModel.swift in Sources */ = {isa = PBXBuildFile; fileRef = 8EFE72461E114EC700934A13 /* FMYWTodayHistoryModel.swift */; };
/* End PBXBuildFile section */

/* Begin PBXFileReference section */
		016738F11E2FB832009CAAF1 /* FMYCollectionViewCell.swift */ = {isa = PBXFileReference; fileEncoding = 4; lastKnownFileType = sourcecode.swift; path = FMYCollectionViewCell.swift; sourceTree = "<group>"; };
		016738F31E2FB890009CAAF1 /* FMYWExamCollectionCell.swift */ = {isa = PBXFileReference; fileEncoding = 4; lastKnownFileType = sourcecode.swift; path = FMYWExamCollectionCell.swift; sourceTree = "<group>"; };
		01CE75031E0839A700B76D1C /* FMYWeath.app */ = {isa = PBXFileReference; explicitFileType = wrapper.application; includeInIndex = 0; path = FMYWeath.app; sourceTree = BUILT_PRODUCTS_DIR; };
		01CE75061E0839A700B76D1C /* AppDelegate.swift */ = {isa = PBXFileReference; lastKnownFileType = sourcecode.swift; path = AppDelegate.swift; sourceTree = "<group>"; };
		01CE75081E0839A700B76D1C /* ViewController.swift */ = {isa = PBXFileReference; lastKnownFileType = sourcecode.swift; path = ViewController.swift; sourceTree = "<group>"; };
		01CE750B1E0839A700B76D1C /* Base */ = {isa = PBXFileReference; lastKnownFileType = file.storyboard; name = Base; path = Base.lproj/Main.storyboard; sourceTree = "<group>"; };
		01CE750D1E0839A700B76D1C /* Assets.xcassets */ = {isa = PBXFileReference; lastKnownFileType = folder.assetcatalog; path = Assets.xcassets; sourceTree = "<group>"; };
		01CE75101E0839A700B76D1C /* Base */ = {isa = PBXFileReference; lastKnownFileType = file.storyboard; name = Base; path = Base.lproj/LaunchScreen.storyboard; sourceTree = "<group>"; };
		01CE75121E0839A700B76D1C /* Info.plist */ = {isa = PBXFileReference; lastKnownFileType = text.plist.xml; path = Info.plist; sourceTree = "<group>"; };
		01CE752C1E0842A600B76D1C /* FMYWCityInfoViewController.swift */ = {isa = PBXFileReference; fileEncoding = 4; lastKnownFileType = sourcecode.swift; path = FMYWCityInfoViewController.swift; sourceTree = "<group>"; };
		01CE752D1E0842A600B76D1C /* FMYWCityListViewController.swift */ = {isa = PBXFileReference; fileEncoding = 4; lastKnownFileType = sourcecode.swift; path = FMYWCityListViewController.swift; sourceTree = "<group>"; };
		01CE752F1E0842A600B76D1C /* FMYWFavorViewController.swift */ = {isa = PBXFileReference; fileEncoding = 4; lastKnownFileType = sourcecode.swift; path = FMYWFavorViewController.swift; sourceTree = "<group>"; };
		01CE75311E0842A600B76D1C /* FMYWNavigationController.swift */ = {isa = PBXFileReference; fileEncoding = 4; lastKnownFileType = sourcecode.swift; path = FMYWNavigationController.swift; sourceTree = "<group>"; };
		01CE75321E0842A600B76D1C /* FMYWTabBarViewController.swift */ = {isa = PBXFileReference; fileEncoding = 4; lastKnownFileType = sourcecode.swift; path = FMYWTabBarViewController.swift; sourceTree = "<group>"; };
		01CE75331E0842A600B76D1C /* FMYWViewController.swift */ = {isa = PBXFileReference; fileEncoding = 4; lastKnownFileType = sourcecode.swift; path = FMYWViewController.swift; sourceTree = "<group>"; };
		01CE753D1E096CC600B76D1C /* constantUI.h */ = {isa = PBXFileReference; lastKnownFileType = sourcecode.c.h; path = constantUI.h; sourceTree = "<group>"; };
		01CE753F1E096E4A00B76D1C /* FMYWeath-Bridging-Header.h */ = {isa = PBXFileReference; lastKnownFileType = sourcecode.c.h; path = "FMYWeath-Bridging-Header.h"; sourceTree = "<group>"; };
		01CE75401E096F9B00B76D1C /* UIView+Positioning.h */ = {isa = PBXFileReference; fileEncoding = 4; lastKnownFileType = sourcecode.c.h; path = "UIView+Positioning.h"; sourceTree = "<group>"; };
		01CE75411E096F9B00B76D1C /* UIView+Positioning.m */ = {isa = PBXFileReference; fileEncoding = 4; lastKnownFileType = sourcecode.c.objc; path = "UIView+Positioning.m"; sourceTree = "<group>"; };
		01CE75441E09710700B76D1C /* FMYWBtnTab.swift */ = {isa = PBXFileReference; fileEncoding = 4; lastKnownFileType = sourcecode.swift; path = FMYWBtnTab.swift; sourceTree = "<group>"; };
		01CE75461E09758700B76D1C /* constantUI.swift */ = {isa = PBXFileReference; fileEncoding = 4; lastKnownFileType = sourcecode.swift; path = constantUI.swift; sourceTree = "<group>"; };
		01CE754A1E09831100B76D1C /* moon@3x.png */ = {isa = PBXFileReference; lastKnownFileType = image.png; path = "moon@3x.png"; sourceTree = "<group>"; };
		01CE754B1E09831100B76D1C /* sun@3x.png */ = {isa = PBXFileReference; lastKnownFileType = image.png; path = "sun@3x.png"; sourceTree = "<group>"; };
		01CE754C1E09831100B76D1C /* tabbar_bg@1x.png */ = {isa = PBXFileReference; lastKnownFileType = image.png; path = "tabbar_bg@1x.png"; sourceTree = "<group>"; };
		01CE755D1E0FD09B00B76D1C /* readme.md */ = {isa = PBXFileReference; fileEncoding = 4; lastKnownFileType = net.daringfireball.markdown; path = readme.md; sourceTree = "<group>"; };
		01CE75601E0FD71300B76D1C /* FMYWJokeViewController.swift */ = {isa = PBXFileReference; fileEncoding = 4; lastKnownFileType = sourcecode.swift; path = FMYWJokeViewController.swift; sourceTree = "<group>"; };
		01CE75631E0FDD3C00B76D1C /* FMYURLSessionManager.swift */ = {isa = PBXFileReference; fileEncoding = 4; lastKnownFileType = sourcecode.swift; path = FMYURLSessionManager.swift; sourceTree = "<group>"; };
		01CE75641E0FDD3C00B76D1C /* FMYHTTPSessionManager.swift */ = {isa = PBXFileReference; fileEncoding = 4; lastKnownFileType = sourcecode.swift; path = FMYHTTPSessionManager.swift; sourceTree = "<group>"; };
		01CE75671E1003E800B76D1C /* constantStr.swift */ = {isa = PBXFileReference; fileEncoding = 4; lastKnownFileType = sourcecode.swift; path = constantStr.swift; sourceTree = "<group>"; };
		01CE756A1E100D5400B76D1C /* FMYWJokeModel.swift */ = {isa = PBXFileReference; fileEncoding = 4; lastKnownFileType = sourcecode.swift; path = FMYWJokeModel.swift; sourceTree = "<group>"; };
		01CE756C1E1018CF00B76D1C /* FMYWJokeTableCell.swift */ = {isa = PBXFileReference; fileEncoding = 4; lastKnownFileType = sourcecode.swift; path = FMYWJokeTableCell.swift; sourceTree = "<group>"; };
		01CE756E1E101F3A00B76D1C /* FMYWJokeDetailViewController.swift */ = {isa = PBXFileReference; fileEncoding = 4; lastKnownFileType = sourcecode.swift; path = FMYWJokeDetailViewController.swift; sourceTree = "<group>"; };
		01CE75711E11687400B76D1C /* FMYUtils.swift */ = {isa = PBXFileReference; fileEncoding = 4; lastKnownFileType = sourcecode.swift; path = FMYUtils.swift; sourceTree = "<group>"; };
		01CE75731E11711000B76D1C /* FMYWTodayHistoryDetailViewController.swift */ = {isa = PBXFileReference; fileEncoding = 4; lastKnownFileType = sourcecode.swift; path = FMYWTodayHistoryDetailViewController.swift; sourceTree = "<group>"; };
		01CE75981E16B10E00B76D1C /* FMYWBarButtomItem.swift */ = {isa = PBXFileReference; fileEncoding = 4; lastKnownFileType = sourcecode.swift; path = FMYWBarButtomItem.swift; sourceTree = "<group>"; };
		01CE759A1E177D7900B76D1C /* FMYWTodayNewsPageViewController.swift */ = {isa = PBXFileReference; fileEncoding = 4; lastKnownFileType = sourcecode.swift; path = FMYWTodayNewsPageViewController.swift; sourceTree = "<group>"; };
		01CE759C1E177E9600B76D1C /* FMYWTodayNewsViewController.swift */ = {isa = PBXFileReference; fileEncoding = 4; lastKnownFileType = sourcecode.swift; path = FMYWTodayNewsViewController.swift; sourceTree = "<group>"; };
		01CE75A21E178A8F00B76D1C /* CNSegmentView.h */ = {isa = PBXFileReference; fileEncoding = 4; lastKnownFileType = sourcecode.c.h; path = CNSegmentView.h; sourceTree = "<group>"; };
		01CE75A31E178A8F00B76D1C /* CNSegmentView.m */ = {isa = PBXFileReference; fileEncoding = 4; lastKnownFileType = sourcecode.c.objc; path = CNSegmentView.m; sourceTree = "<group>"; };
		01CE75A51E17935F00B76D1C /* Control_BezierPath.h */ = {isa = PBXFileReference; fileEncoding = 4; lastKnownFileType = sourcecode.c.h; path = Control_BezierPath.h; sourceTree = "<group>"; };
		01CE75A61E17935F00B76D1C /* Control_BezierPath.m */ = {isa = PBXFileReference; fileEncoding = 4; lastKnownFileType = sourcecode.c.objc; path = Control_BezierPath.m; sourceTree = "<group>"; };
		01CE75A71E17935F00B76D1C /* ControlBezierPlat.h */ = {isa = PBXFileReference; fileEncoding = 4; lastKnownFileType = sourcecode.c.h; path = ControlBezierPlat.h; sourceTree = "<group>"; };
		01CE75A81E17935F00B76D1C /* ControlBezierPlat.m */ = {isa = PBXFileReference; fileEncoding = 4; lastKnownFileType = sourcecode.c.objc; path = ControlBezierPlat.m; sourceTree = "<group>"; };
		01CE75AB1E1793AD00B76D1C /* FMYWNewsItemViewController.swift */ = {isa = PBXFileReference; fileEncoding = 4; lastKnownFileType = sourcecode.swift; path = FMYWNewsItemViewController.swift; sourceTree = "<group>"; };
		01CE75AD1E179D7B00B76D1C /* moonback.png */ = {isa = PBXFileReference; lastKnownFileType = image.png; path = moonback.png; sourceTree = "<group>"; };
		01CE75B01E17C9CB00B76D1C /* fmywplist.plist */ = {isa = PBXFileReference; fileEncoding = 4; lastKnownFileType = text.plist.xml; path = fmywplist.plist; sourceTree = "<group>"; };
		01CE75B21E17D60300B76D1C /* btn_check_yes@2x.png */ = {isa = PBXFileReference; lastKnownFileType = image.png; path = "btn_check_yes@2x.png"; sourceTree = "<group>"; };
		01CE75B31E17D60300B76D1C /* btn_check_yes@3x.png */ = {isa = PBXFileReference; lastKnownFileType = image.png; path = "btn_check_yes@3x.png"; sourceTree = "<group>"; };
		01CE75B61E17D66E00B76D1C /* btn_check_no@2x.png */ = {isa = PBXFileReference; lastKnownFileType = image.png; path = "btn_check_no@2x.png"; sourceTree = "<group>"; };
		01CE75B71E17D66E00B76D1C /* btn_check_no@3x.png */ = {isa = PBXFileReference; lastKnownFileType = image.png; path = "btn_check_no@3x.png"; sourceTree = "<group>"; };
		01ED773D1E1898B100812659 /* FMYWTodayNewsListViewController.swift */ = {isa = PBXFileReference; fileEncoding = 4; lastKnownFileType = sourcecode.swift; path = FMYWTodayNewsListViewController.swift; sourceTree = "<group>"; };
		01ED77471E18A5DC00812659 /* FMYWObject.h */ = {isa = PBXFileReference; fileEncoding = 4; lastKnownFileType = sourcecode.c.h; path = FMYWObject.h; sourceTree = "<group>"; };
		01ED77481E18A5DC00812659 /* FMYWObject.m */ = {isa = PBXFileReference; fileEncoding = 4; lastKnownFileType = sourcecode.c.objc; path = FMYWObject.m; sourceTree = "<group>"; };
		01ED774A1E18AD6000812659 /* FMYWNewsTableViewCell.swift */ = {isa = PBXFileReference; fileEncoding = 4; lastKnownFileType = sourcecode.swift; path = FMYWNewsTableViewCell.swift; sourceTree = "<group>"; };
		01ED774E1E18B7F500812659 /* FMYWNewsDetailViewController.swift */ = {isa = PBXFileReference; fileEncoding = 4; lastKnownFileType = sourcecode.swift; path = FMYWNewsDetailViewController.swift; sourceTree = "<group>"; };
		118E2E455C1820DDCED88F4B /* Pods-FMYWeath.debug.xcconfig */ = {isa = PBXFileReference; includeInIndex = 1; lastKnownFileType = text.xcconfig; name = "Pods-FMYWeath.debug.xcconfig"; path = "Pods/Target Support Files/Pods-FMYWeath/Pods-FMYWeath.debug.xcconfig"; sourceTree = "<group>"; };
		122121E0E98CE14AB6EAFB7F /* Pods_FMYWeath.framework */ = {isa = PBXFileReference; explicitFileType = wrapper.framework; includeInIndex = 0; path = Pods_FMYWeath.framework; sourceTree = BUILT_PRODUCTS_DIR; };
		8E2062DB1E2F46D40094B8E6 /* FMYButton.swift */ = {isa = PBXFileReference; fileEncoding = 4; lastKnownFileType = sourcecode.swift; path = FMYButton.swift; sourceTree = "<group>"; };
		8E2062DD1E2F588E0094B8E6 /* market_selected_button@2x.png */ = {isa = PBXFileReference; lastKnownFileType = image.png; path = "market_selected_button@2x.png"; sourceTree = "<group>"; };
		8E2062DE1E2F588E0094B8E6 /* market_selected_button@3x.png */ = {isa = PBXFileReference; lastKnownFileType = image.png; path = "market_selected_button@3x.png"; sourceTree = "<group>"; };
		8E2062DF1E2F588E0094B8E6 /* market_unselected_button@2x.png */ = {isa = PBXFileReference; lastKnownFileType = image.png; path = "market_unselected_button@2x.png"; sourceTree = "<group>"; };
		8E2062E01E2F588E0094B8E6 /* market_unselected_button@3x.png */ = {isa = PBXFileReference; lastKnownFileType = image.png; path = "market_unselected_button@3x.png"; sourceTree = "<group>"; };
		8E2062E51E2F5B590094B8E6 /* FMYWCheckItemView.swift */ = {isa = PBXFileReference; fileEncoding = 4; lastKnownFileType = sourcecode.swift; path = FMYWCheckItemView.swift; sourceTree = "<group>"; };
		8E2062E71E2F5D3D0094B8E6 /* FMYLabel.swift */ = {isa = PBXFileReference; fileEncoding = 4; lastKnownFileType = sourcecode.swift; path = FMYLabel.swift; sourceTree = "<group>"; };
		8E2062E91E2F689F0094B8E6 /* FMYWDrivingLicenseViewController.swift */ = {isa = PBXFileReference; fileEncoding = 4; lastKnownFileType = sourcecode.swift; path = FMYWDrivingLicenseViewController.swift; sourceTree = "<group>"; };
		8E2062ED1E2F68FC0094B8E6 /* FMYWDrivingExamSystemViewController.swift */ = {isa = PBXFileReference; fileEncoding = 4; lastKnownFileType = sourcecode.swift; path = FMYWDrivingExamSystemViewController.swift; sourceTree = "<group>"; };
		8E2062EF1E3087500094B8E6 /* FMYExtension.swift */ = {isa = PBXFileReference; fileEncoding = 4; lastKnownFileType = sourcecode.swift; path = FMYExtension.swift; sourceTree = "<group>"; };
		8E2860B21E128B6300EEC3BC /* FMYWImgShowView.swift */ = {isa = PBXFileReference; fileEncoding = 4; lastKnownFileType = sourcecode.swift; path = FMYWImgShowView.swift; sourceTree = "<group>"; };
		8E2860BD1E13DC8700EEC3BC /* FMYWAlmanacViewController.swift */ = {isa = PBXFileReference; fileEncoding = 4; lastKnownFileType = sourcecode.swift; path = FMYWAlmanacViewController.swift; sourceTree = "<group>"; };
		8E2860BF1E13E33A00EEC3BC /* FMYWAlmanacModel.swift */ = {isa = PBXFileReference; fileEncoding = 4; lastKnownFileType = sourcecode.swift; path = FMYWAlmanacModel.swift; sourceTree = "<group>"; };
		8E2860C11E13E7F500EEC3BC /* FMYWAlmanacPlatView.swift */ = {isa = PBXFileReference; fileEncoding = 4; lastKnownFileType = sourcecode.swift; path = FMYWAlmanacPlatView.swift; sourceTree = "<group>"; };
		8E49046B1E1B81DD00B72F87 /* FMYWTodayHomeTableViewController.swift */ = {isa = PBXFileReference; fileEncoding = 4; lastKnownFileType = sourcecode.swift; path = FMYWTodayHomeTableViewController.swift; sourceTree = "<group>"; };
		8EAF8DD11E16645100693C26 /* FMYWAlmanacPartTimeTableViewController.swift */ = {isa = PBXFileReference; fileEncoding = 4; lastKnownFileType = sourcecode.swift; path = FMYWAlmanacPartTimeTableViewController.swift; sourceTree = "<group>"; };
		8EAF8DD31E1664D100693C26 /* FMYWAlmanacPartTimeTableCell.swift */ = {isa = PBXFileReference; fileEncoding = 4; lastKnownFileType = sourcecode.swift; path = FMYWAlmanacPartTimeTableCell.swift; sourceTree = "<group>"; };
		8EE3E7A81E262A460032EF3D /* FMYWJokePicViewController.swift */ = {isa = PBXFileReference; fileEncoding = 4; lastKnownFileType = sourcecode.swift; path = FMYWJokePicViewController.swift; sourceTree = "<group>"; };
		8EE3E7AB1E2636950032EF3D /* FMYTableView.swift */ = {isa = PBXFileReference; fileEncoding = 4; lastKnownFileType = sourcecode.swift; path = FMYTableView.swift; sourceTree = "<group>"; };
		8EE3E7AD1E2636A60032EF3D /* FMYTableViewCell.swift */ = {isa = PBXFileReference; fileEncoding = 4; lastKnownFileType = sourcecode.swift; path = FMYTableViewCell.swift; sourceTree = "<group>"; };
		8EE3E7AF1E2638D50032EF3D /* FMYWJokePicTableCell.swift */ = {isa = PBXFileReference; fileEncoding = 4; lastKnownFileType = sourcecode.swift; path = FMYWJokePicTableCell.swift; sourceTree = "<group>"; };
		8EFE72401E112DB000934A13 /* MJRefresh.framework */ = {isa = PBXFileReference; lastKnownFileType = wrapper.framework; name = MJRefresh.framework; path = "../../../../../Library/Developer/Xcode/DerivedData/FMYWeath-fsyorfjrssqzfpbjpgergnpycwhe/Build/Products/Debug-iphonesimulator/MJRefresh/MJRefresh.framework"; sourceTree = "<group>"; };
		8EFE72421E11425700934A13 /* FMYWJokeListViewController.swift */ = {isa = PBXFileReference; fileEncoding = 4; lastKnownFileType = sourcecode.swift; path = FMYWJokeListViewController.swift; sourceTree = "<group>"; };
		8EFE72441E1149F300934A13 /* FMYWTodayHistoryViewController.swift */ = {isa = PBXFileReference; fileEncoding = 4; lastKnownFileType = sourcecode.swift; path = FMYWTodayHistoryViewController.swift; sourceTree = "<group>"; };
		8EFE72461E114EC700934A13 /* FMYWTodayHistoryModel.swift */ = {isa = PBXFileReference; fileEncoding = 4; lastKnownFileType = sourcecode.swift; path = FMYWTodayHistoryModel.swift; sourceTree = "<group>"; };
		C614AC1BAAD325DB652A9985 /* Pods-FMYWeath.release.xcconfig */ = {isa = PBXFileReference; includeInIndex = 1; lastKnownFileType = text.xcconfig; name = "Pods-FMYWeath.release.xcconfig"; path = "Pods/Target Support Files/Pods-FMYWeath/Pods-FMYWeath.release.xcconfig"; sourceTree = "<group>"; };
/* End PBXFileReference section */

/* Begin PBXFrameworksBuildPhase section */
		01CE75001E0839A700B76D1C /* Frameworks */ = {
			isa = PBXFrameworksBuildPhase;
			buildActionMask = 2147483647;
			files = (
				8EFE72411E112DB000934A13 /* MJRefresh.framework in Frameworks */,
				50AE2C717F150A3C08015D88 /* Pods_FMYWeath.framework in Frameworks */,
			);
			runOnlyForDeploymentPostprocessing = 0;
		};
/* End PBXFrameworksBuildPhase section */

/* Begin PBXGroup section */
		01CE74FA1E0839A700B76D1C = {
			isa = PBXGroup;
			children = (
				01CE75051E0839A700B76D1C /* FMYWeath */,
				01CE75041E0839A700B76D1C /* Products */,
				1E3F6A24680CDE08263B1FFC /* Pods */,
				0EC687A9522267CFBB83C10C /* Frameworks */,
			);
			sourceTree = "<group>";
		};
		01CE75041E0839A700B76D1C /* Products */ = {
			isa = PBXGroup;
			children = (
				01CE75031E0839A700B76D1C /* FMYWeath.app */,
			);
			name = Products;
			sourceTree = "<group>";
		};
		01CE75051E0839A700B76D1C /* FMYWeath */ = {
			isa = PBXGroup;
			children = (
				01CE75701E11683E00B76D1C /* FMYUtils */,
				01CE75691E100D1C00B76D1C /* Models */,
				01CE75621E0FDCF100B76D1C /* NetAccess */,
				01CE75481E0982CF00B76D1C /* Sources */,
				01CE75431E09702B00B76D1C /* CustomViews */,
				01CE753E1E096CEB00B76D1C /* Categories */,
				01CE753C1E096C7300B76D1C /* Constants */,
				01CE752B1E0842A600B76D1C /* ViewControllers */,
				01CE75061E0839A700B76D1C /* AppDelegate.swift */,
				01CE75081E0839A700B76D1C /* ViewController.swift */,
				01CE753F1E096E4A00B76D1C /* FMYWeath-Bridging-Header.h */,
				01CE750A1E0839A700B76D1C /* Main.storyboard */,
				01CE750D1E0839A700B76D1C /* Assets.xcassets */,
				01CE750F1E0839A700B76D1C /* LaunchScreen.storyboard */,
				01CE75121E0839A700B76D1C /* Info.plist */,
			);
			path = FMYWeath;
			sourceTree = "<group>";
		};
		01CE752B1E0842A600B76D1C /* ViewControllers */ = {
			isa = PBXGroup;
			children = (
				01CE752C1E0842A600B76D1C /* FMYWCityInfoViewController.swift */,
				01CE752D1E0842A600B76D1C /* FMYWCityListViewController.swift */,
				01CE752F1E0842A600B76D1C /* FMYWFavorViewController.swift */,
				01CE75311E0842A600B76D1C /* FMYWNavigationController.swift */,
				01CE75321E0842A600B76D1C /* FMYWTabBarViewController.swift */,
				01CE75331E0842A600B76D1C /* FMYWViewController.swift */,
				8E49046B1E1B81DD00B72F87 /* FMYWTodayHomeTableViewController.swift */,
				8E2860BD1E13DC8700EEC3BC /* FMYWAlmanacViewController.swift */,
				8EAF8DD11E16645100693C26 /* FMYWAlmanacPartTimeTableViewController.swift */,
				8EFE72441E1149F300934A13 /* FMYWTodayHistoryViewController.swift */,
				01CE75731E11711000B76D1C /* FMYWTodayHistoryDetailViewController.swift */,
				01CE75601E0FD71300B76D1C /* FMYWJokeViewController.swift */,
				8EE3E7A81E262A460032EF3D /* FMYWJokePicViewController.swift */,
				8EFE72421E11425700934A13 /* FMYWJokeListViewController.swift */,
				01CE756E1E101F3A00B76D1C /* FMYWJokeDetailViewController.swift */,
				8E2062E91E2F689F0094B8E6 /* FMYWDrivingLicenseViewController.swift */,
				8E2062ED1E2F68FC0094B8E6 /* FMYWDrivingExamSystemViewController.swift */,
				01CE759C1E177E9600B76D1C /* FMYWTodayNewsViewController.swift */,
				01ED773D1E1898B100812659 /* FMYWTodayNewsListViewController.swift */,
				01ED774E1E18B7F500812659 /* FMYWNewsDetailViewController.swift */,
				01CE759A1E177D7900B76D1C /* FMYWTodayNewsPageViewController.swift */,
				01CE75AB1E1793AD00B76D1C /* FMYWNewsItemViewController.swift */,
			);
			path = ViewControllers;
			sourceTree = "<group>";
		};
		01CE753C1E096C7300B76D1C /* Constants */ = {
			isa = PBXGroup;
			children = (
				01CE753D1E096CC600B76D1C /* constantUI.h */,
				01CE75461E09758700B76D1C /* constantUI.swift */,
				01CE75671E1003E800B76D1C /* constantStr.swift */,
			);
			path = Constants;
			sourceTree = "<group>";
		};
		01CE753E1E096CEB00B76D1C /* Categories */ = {
			isa = PBXGroup;
			children = (
				01CE75401E096F9B00B76D1C /* UIView+Positioning.h */,
				01CE75411E096F9B00B76D1C /* UIView+Positioning.m */,
			);
			path = Categories;
			sourceTree = "<group>";
		};
		01CE75431E09702B00B76D1C /* CustomViews */ = {
			isa = PBXGroup;
			children = (
				8EE3E7AA1E2636520032EF3D /* RootView */,
				01CE75441E09710700B76D1C /* FMYWBtnTab.swift */,
				01CE756C1E1018CF00B76D1C /* FMYWJokeTableCell.swift */,
				01ED774A1E18AD6000812659 /* FMYWNewsTableViewCell.swift */,
				8EAF8DD31E1664D100693C26 /* FMYWAlmanacPartTimeTableCell.swift */,
				8E2860B21E128B6300EEC3BC /* FMYWImgShowView.swift */,
				8E2860C11E13E7F500EEC3BC /* FMYWAlmanacPlatView.swift */,
				01CE75981E16B10E00B76D1C /* FMYWBarButtomItem.swift */,
				8EE3E7AF1E2638D50032EF3D /* FMYWJokePicTableCell.swift */,
				8E2062E51E2F5B590094B8E6 /* FMYWCheckItemView.swift */,
				016738F31E2FB890009CAAF1 /* FMYWExamCollectionCell.swift */,
				01CE75A21E178A8F00B76D1C /* CNSegmentView.h */,
				01CE75A31E178A8F00B76D1C /* CNSegmentView.m */,
				01CE75A51E17935F00B76D1C /* Control_BezierPath.h */,
				01CE75A61E17935F00B76D1C /* Control_BezierPath.m */,
				01CE75A71E17935F00B76D1C /* ControlBezierPlat.h */,
				01CE75A81E17935F00B76D1C /* ControlBezierPlat.m */,
			);
			path = CustomViews;
			sourceTree = "<group>";
		};
		01CE75481E0982CF00B76D1C /* Sources */ = {
			isa = PBXGroup;
			children = (
				01CE75AF1E17C99300B76D1C /* plist */,
				01CE755C1E0FD07300B76D1C /* info */,
				01CE75491E0982E700B76D1C /* images */,
			);
			path = Sources;
			sourceTree = "<group>";
		};
		01CE75491E0982E700B76D1C /* images */ = {
			isa = PBXGroup;
			children = (
				01CE754A1E09831100B76D1C /* moon@3x.png */,
				01CE75AD1E179D7B00B76D1C /* moonback.png */,
				01CE754B1E09831100B76D1C /* sun@3x.png */,
				01CE754C1E09831100B76D1C /* tabbar_bg@1x.png */,
				01CE75B61E17D66E00B76D1C /* btn_check_no@2x.png */,
				01CE75B71E17D66E00B76D1C /* btn_check_no@3x.png */,
				01CE75B21E17D60300B76D1C /* btn_check_yes@2x.png */,
				01CE75B31E17D60300B76D1C /* btn_check_yes@3x.png */,
				8E2062DD1E2F588E0094B8E6 /* market_selected_button@2x.png */,
				8E2062DE1E2F588E0094B8E6 /* market_selected_button@3x.png */,
				8E2062DF1E2F588E0094B8E6 /* market_unselected_button@2x.png */,
				8E2062E01E2F588E0094B8E6 /* market_unselected_button@3x.png */,
			);
			path = images;
			sourceTree = "<group>";
		};
		01CE755C1E0FD07300B76D1C /* info */ = {
			isa = PBXGroup;
			children = (
				01CE755D1E0FD09B00B76D1C /* readme.md */,
			);
			path = info;
			sourceTree = "<group>";
		};
		01CE75621E0FDCF100B76D1C /* NetAccess */ = {
			isa = PBXGroup;
			children = (
				01CE75631E0FDD3C00B76D1C /* FMYURLSessionManager.swift */,
				01CE75641E0FDD3C00B76D1C /* FMYHTTPSessionManager.swift */,
			);
			path = NetAccess;
			sourceTree = "<group>";
		};
		01CE75691E100D1C00B76D1C /* Models */ = {
			isa = PBXGroup;
			children = (
				01CE756A1E100D5400B76D1C /* FMYWJokeModel.swift */,
				8EFE72461E114EC700934A13 /* FMYWTodayHistoryModel.swift */,
				8E2860BF1E13E33A00EEC3BC /* FMYWAlmanacModel.swift */,
				01ED77471E18A5DC00812659 /* FMYWObject.h */,
				01ED77481E18A5DC00812659 /* FMYWObject.m */,
			);
			path = Models;
			sourceTree = "<group>";
		};
		01CE75701E11683E00B76D1C /* FMYUtils */ = {
			isa = PBXGroup;
			children = (
				01CE75711E11687400B76D1C /* FMYUtils.swift */,
				8E2062EF1E3087500094B8E6 /* FMYExtension.swift */,
			);
			path = FMYUtils;
			sourceTree = "<group>";
		};
		01CE75AF1E17C99300B76D1C /* plist */ = {
			isa = PBXGroup;
			children = (
				01CE75B01E17C9CB00B76D1C /* fmywplist.plist */,
			);
			path = plist;
			sourceTree = "<group>";
		};
		0EC687A9522267CFBB83C10C /* Frameworks */ = {
			isa = PBXGroup;
			children = (
				8EFE72401E112DB000934A13 /* MJRefresh.framework */,
				122121E0E98CE14AB6EAFB7F /* Pods_FMYWeath.framework */,
			);
			name = Frameworks;
			sourceTree = "<group>";
		};
		1E3F6A24680CDE08263B1FFC /* Pods */ = {
			isa = PBXGroup;
			children = (
				118E2E455C1820DDCED88F4B /* Pods-FMYWeath.debug.xcconfig */,
				C614AC1BAAD325DB652A9985 /* Pods-FMYWeath.release.xcconfig */,
			);
			name = Pods;
			sourceTree = "<group>";
		};
		8EE3E7AA1E2636520032EF3D /* RootView */ = {
			isa = PBXGroup;
			children = (
				8EE3E7AB1E2636950032EF3D /* FMYTableView.swift */,
				8EE3E7AD1E2636A60032EF3D /* FMYTableViewCell.swift */,
				8E2062DB1E2F46D40094B8E6 /* FMYButton.swift */,
				8E2062E71E2F5D3D0094B8E6 /* FMYLabel.swift */,
				016738F11E2FB832009CAAF1 /* FMYCollectionViewCell.swift */,
			);
			path = RootView;
			sourceTree = "<group>";
		};
/* End PBXGroup section */

/* Begin PBXNativeTarget section */
		01CE75021E0839A700B76D1C /* FMYWeath */ = {
			isa = PBXNativeTarget;
			buildConfigurationList = 01CE75151E0839A700B76D1C /* Build configuration list for PBXNativeTarget "FMYWeath" */;
			buildPhases = (
				AD3E54195B0272FCF443B8EB /* [CP] Check Pods Manifest.lock */,
				01CE74FF1E0839A700B76D1C /* Sources */,
				01CE75001E0839A700B76D1C /* Frameworks */,
				01CE75011E0839A700B76D1C /* Resources */,
				E1147FD4C36CE8B37166C9DB /* [CP] Embed Pods Frameworks */,
				92E214EEC67A97ED2A7E0217 /* [CP] Copy Pods Resources */,
			);
			buildRules = (
			);
			dependencies = (
			);
			name = FMYWeath;
			productName = FMYWeath;
			productReference = 01CE75031E0839A700B76D1C /* FMYWeath.app */;
			productType = "com.apple.product-type.application";
		};
/* End PBXNativeTarget section */

/* Begin PBXProject section */
		01CE74FB1E0839A700B76D1C /* Project object */ = {
			isa = PBXProject;
			attributes = {
				CLASSPREFIX = FMYW;
				LastSwiftUpdateCheck = 0810;
				LastUpgradeCheck = 0810;
				ORGANIZATIONNAME = fmylove;
				TargetAttributes = {
					01CE75021E0839A700B76D1C = {
						CreatedOnToolsVersion = 8.1;
						LastSwiftMigration = 0810;
						ProvisioningStyle = Automatic;
					};
				};
			};
			buildConfigurationList = 01CE74FE1E0839A700B76D1C /* Build configuration list for PBXProject "FMYWeath" */;
			compatibilityVersion = "Xcode 3.2";
			developmentRegion = English;
			hasScannedForEncodings = 0;
			knownRegions = (
				en,
				Base,
			);
			mainGroup = 01CE74FA1E0839A700B76D1C;
			productRefGroup = 01CE75041E0839A700B76D1C /* Products */;
			projectDirPath = "";
			projectRoot = "";
			targets = (
				01CE75021E0839A700B76D1C /* FMYWeath */,
			);
		};
/* End PBXProject section */

/* Begin PBXResourcesBuildPhase section */
		01CE75011E0839A700B76D1C /* Resources */ = {
			isa = PBXResourcesBuildPhase;
			buildActionMask = 2147483647;
			files = (
				01CE754F1E09831100B76D1C /* tabbar_bg@1x.png in Resources */,
				01CE75AE1E179D7B00B76D1C /* moonback.png in Resources */,
				01CE755E1E0FD09B00B76D1C /* readme.md in Resources */,
				8E2062E21E2F588E0094B8E6 /* market_selected_button@3x.png in Resources */,
				01CE75111E0839A700B76D1C /* LaunchScreen.storyboard in Resources */,
				01CE75B51E17D60300B76D1C /* btn_check_yes@3x.png in Resources */,
				8E2062E31E2F588E0094B8E6 /* market_unselected_button@2x.png in Resources */,
				8E2062E11E2F588E0094B8E6 /* market_selected_button@2x.png in Resources */,
				01CE750E1E0839A700B76D1C /* Assets.xcassets in Resources */,
				01CE754D1E09831100B76D1C /* moon@3x.png in Resources */,
				01CE75B91E17D66E00B76D1C /* btn_check_no@3x.png in Resources */,
				8E2062E41E2F588E0094B8E6 /* market_unselected_button@3x.png in Resources */,
				01CE75B81E17D66E00B76D1C /* btn_check_no@2x.png in Resources */,
				01CE75B11E17C9CB00B76D1C /* fmywplist.plist in Resources */,
				01CE75B41E17D60300B76D1C /* btn_check_yes@2x.png in Resources */,
				01CE750C1E0839A700B76D1C /* Main.storyboard in Resources */,
				01CE754E1E09831100B76D1C /* sun@3x.png in Resources */,
			);
			runOnlyForDeploymentPostprocessing = 0;
		};
/* End PBXResourcesBuildPhase section */

/* Begin PBXShellScriptBuildPhase section */
		92E214EEC67A97ED2A7E0217 /* [CP] Copy Pods Resources */ = {
			isa = PBXShellScriptBuildPhase;
			buildActionMask = 2147483647;
			files = (
			);
			inputPaths = (
			);
			name = "[CP] Copy Pods Resources";
			outputPaths = (
			);
			runOnlyForDeploymentPostprocessing = 0;
			shellPath = /bin/sh;
			shellScript = "\"${SRCROOT}/Pods/Target Support Files/Pods-FMYWeath/Pods-FMYWeath-resources.sh\"\n";
			showEnvVarsInLog = 0;
		};
		AD3E54195B0272FCF443B8EB /* [CP] Check Pods Manifest.lock */ = {
			isa = PBXShellScriptBuildPhase;
			buildActionMask = 2147483647;
			files = (
			);
			inputPaths = (
			);
			name = "[CP] Check Pods Manifest.lock";
			outputPaths = (
			);
			runOnlyForDeploymentPostprocessing = 0;
			shellPath = /bin/sh;
			shellScript = "diff \"${PODS_ROOT}/../Podfile.lock\" \"${PODS_ROOT}/Manifest.lock\" > /dev/null\nif [ $? != 0 ] ; then\n    # print error to STDERR\n    echo \"error: The sandbox is not in sync with the Podfile.lock. Run 'pod install' or update your CocoaPods installation.\" >&2\n    exit 1\nfi\n";
			showEnvVarsInLog = 0;
		};
		E1147FD4C36CE8B37166C9DB /* [CP] Embed Pods Frameworks */ = {
			isa = PBXShellScriptBuildPhase;
			buildActionMask = 2147483647;
			files = (
			);
			inputPaths = (
			);
			name = "[CP] Embed Pods Frameworks";
			outputPaths = (
			);
			runOnlyForDeploymentPostprocessing = 0;
			shellPath = /bin/sh;
			shellScript = "\"${SRCROOT}/Pods/Target Support Files/Pods-FMYWeath/Pods-FMYWeath-frameworks.sh\"\n";
			showEnvVarsInLog = 0;
		};
/* End PBXShellScriptBuildPhase section */

/* Begin PBXSourcesBuildPhase section */
		01CE74FF1E0839A700B76D1C /* Sources */ = {
			isa = PBXSourcesBuildPhase;
			buildActionMask = 2147483647;
			files = (
				01ED774C1E18AD6000812659 /* FMYWNewsTableViewCell.swift in Sources */,
				8EE3E7A91E262A460032EF3D /* FMYWJokePicViewController.swift in Sources */,
				8E2860C21E13E7F500EEC3BC /* FMYWAlmanacPlatView.swift in Sources */,
				01CE75471E09758700B76D1C /* constantUI.swift in Sources */,
				01CE756D1E1018CF00B76D1C /* FMYWJokeTableCell.swift in Sources */,
				01CE75661E0FDD3C00B76D1C /* FMYHTTPSessionManager.swift in Sources */,
				8E49046C1E1B81DD00B72F87 /* FMYWTodayHomeTableViewController.swift in Sources */,
				01CE75421E096F9B00B76D1C /* UIView+Positioning.m in Sources */,
				8EFE72471E114EC700934A13 /* FMYWTodayHistoryModel.swift in Sources */,
				016738F21E2FB832009CAAF1 /* FMYCollectionViewCell.swift in Sources */,
				8EE3E7AC1E2636950032EF3D /* FMYTableView.swift in Sources */,
				01CE75611E0FD71300B76D1C /* FMYWJokeViewController.swift in Sources */,
				8E2062EB1E2F689F0094B8E6 /* FMYWDrivingLicenseViewController.swift in Sources */,
				8E2062F01E3087500094B8E6 /* FMYExtension.swift in Sources */,
				01CE75681E1003E800B76D1C /* constantStr.swift in Sources */,
				8EFE72451E1149F300934A13 /* FMYWTodayHistoryViewController.swift in Sources */,
				01CE75391E0842A600B76D1C /* FMYWNavigationController.swift in Sources */,
				8EFE72431E11425700934A13 /* FMYWJokeListViewController.swift in Sources */,
				016738F41E2FB890009CAAF1 /* FMYWExamCollectionCell.swift in Sources */,
				01ED774F1E18B7F500812659 /* FMYWNewsDetailViewController.swift in Sources */,
				8EAF8DD41E1664D100693C26 /* FMYWAlmanacPartTimeTableCell.swift in Sources */,
				8E2062DC1E2F46D40094B8E6 /* FMYButton.swift in Sources */,
				01CE75A91E17935F00B76D1C /* Control_BezierPath.m in Sources */,
				01CE75351E0842A600B76D1C /* FMYWCityListViewController.swift in Sources */,
				01CE753B1E0842A600B76D1C /* FMYWViewController.swift in Sources */,
				01ED773E1E1898B100812659 /* FMYWTodayNewsListViewController.swift in Sources */,
				8E2860BE1E13DC8700EEC3BC /* FMYWAlmanacViewController.swift in Sources */,
				8E2860C01E13E33A00EEC3BC /* FMYWAlmanacModel.swift in Sources */,
				8EAF8DD21E16645100693C26 /* FMYWAlmanacPartTimeTableViewController.swift in Sources */,
				01CE75451E09710700B76D1C /* FMYWBtnTab.swift in Sources */,
				8E2062E61E2F5B590094B8E6 /* FMYWCheckItemView.swift in Sources */,
				8E2062EE1E2F68FC0094B8E6 /* FMYWDrivingExamSystemViewController.swift in Sources */,
				8E2860B31E128B6300EEC3BC /* FMYWImgShowView.swift in Sources */,
				01CE75991E16B10E00B76D1C /* FMYWBarButtomItem.swift in Sources */,
				01CE75721E11687400B76D1C /* FMYUtils.swift in Sources */,
				01ED77491E18A5DC00812659 /* FMYWObject.m in Sources */,
				01CE759D1E177E9600B76D1C /* FMYWTodayNewsViewController.swift in Sources */,
				01CE756B1E100D5400B76D1C /* FMYWJokeModel.swift in Sources */,
				01CE75371E0842A600B76D1C /* FMYWFavorViewController.swift in Sources */,
				8EE3E7AE1E2636A60032EF3D /* FMYTableViewCell.swift in Sources */,
				8E2062E81E2F5D3D0094B8E6 /* FMYLabel.swift in Sources */,
				8EE3E7B01E2638D50032EF3D /* FMYWJokePicTableCell.swift in Sources */,
				01CE753A1E0842A600B76D1C /* FMYWTabBarViewController.swift in Sources */,
				01CE759B1E177D7900B76D1C /* FMYWTodayNewsPageViewController.swift in Sources */,
				01CE75AA1E17935F00B76D1C /* ControlBezierPlat.m in Sources */,
				01CE75A41E178A8F00B76D1C /* CNSegmentView.m in Sources */,
				01CE756F1E101F3A00B76D1C /* FMYWJokeDetailViewController.swift in Sources */,
				01CE75091E0839A700B76D1C /* ViewController.swift in Sources */,
				01CE75AC1E1793AD00B76D1C /* FMYWNewsItemViewController.swift in Sources */,
				01CE75651E0FDD3C00B76D1C /* FMYURLSessionManager.swift in Sources */,
				01CE75341E0842A600B76D1C /* FMYWCityInfoViewController.swift in Sources */,
				01CE75071E0839A700B76D1C /* AppDelegate.swift in Sources */,
				01CE75741E11711000B76D1C /* FMYWTodayHistoryDetailViewController.swift in Sources */,
			);
			runOnlyForDeploymentPostprocessing = 0;
		};
/* End PBXSourcesBuildPhase section */

/* Begin PBXVariantGroup section */
		01CE750A1E0839A700B76D1C /* Main.storyboard */ = {
			isa = PBXVariantGroup;
			children = (
				01CE750B1E0839A700B76D1C /* Base */,
			);
			name = Main.storyboard;
			sourceTree = "<group>";
		};
		01CE750F1E0839A700B76D1C /* LaunchScreen.storyboard */ = {
			isa = PBXVariantGroup;
			children = (
				01CE75101E0839A700B76D1C /* Base */,
			);
			name = LaunchScreen.storyboard;
			sourceTree = "<group>";
		};
/* End PBXVariantGroup section */

/* Begin XCBuildConfiguration section */
		01CE75131E0839A700B76D1C /* Debug */ = {
			isa = XCBuildConfiguration;
			buildSettings = {
				ALWAYS_SEARCH_USER_PATHS = NO;
				CLANG_ANALYZER_NONNULL = YES;
				CLANG_CXX_LANGUAGE_STANDARD = "gnu++0x";
				CLANG_CXX_LIBRARY = "libc++";
				CLANG_ENABLE_MODULES = YES;
				CLANG_ENABLE_OBJC_ARC = YES;
				CLANG_WARN_BOOL_CONVERSION = YES;
				CLANG_WARN_CONSTANT_CONVERSION = YES;
				CLANG_WARN_DIRECT_OBJC_ISA_USAGE = YES_ERROR;
				CLANG_WARN_DOCUMENTATION_COMMENTS = YES;
				CLANG_WARN_EMPTY_BODY = YES;
				CLANG_WARN_ENUM_CONVERSION = YES;
				CLANG_WARN_INFINITE_RECURSION = YES;
				CLANG_WARN_INT_CONVERSION = YES;
				CLANG_WARN_OBJC_ROOT_CLASS = YES_ERROR;
				CLANG_WARN_SUSPICIOUS_MOVES = YES;
				CLANG_WARN_UNREACHABLE_CODE = YES;
				CLANG_WARN__DUPLICATE_METHOD_MATCH = YES;
				"CODE_SIGN_IDENTITY[sdk=iphoneos*]" = "iPhone Developer";
				COPY_PHASE_STRIP = NO;
				DEBUG_INFORMATION_FORMAT = dwarf;
				ENABLE_STRICT_OBJC_MSGSEND = YES;
				ENABLE_TESTABILITY = YES;
				GCC_C_LANGUAGE_STANDARD = gnu99;
				GCC_DYNAMIC_NO_PIC = NO;
				GCC_NO_COMMON_BLOCKS = YES;
				GCC_OPTIMIZATION_LEVEL = 0;
				GCC_PREPROCESSOR_DEFINITIONS = (
					"DEBUG=1",
					"$(inherited)",
				);
				GCC_WARN_64_TO_32_BIT_CONVERSION = YES;
				GCC_WARN_ABOUT_RETURN_TYPE = YES_ERROR;
				GCC_WARN_UNDECLARED_SELECTOR = YES;
				GCC_WARN_UNINITIALIZED_AUTOS = YES_AGGRESSIVE;
				GCC_WARN_UNUSED_FUNCTION = YES;
				GCC_WARN_UNUSED_VARIABLE = YES;
				IPHONEOS_DEPLOYMENT_TARGET = 10.1;
				MTL_ENABLE_DEBUG_INFO = YES;
				ONLY_ACTIVE_ARCH = YES;
				SDKROOT = iphoneos;
				SWIFT_ACTIVE_COMPILATION_CONDITIONS = DEBUG;
				SWIFT_OPTIMIZATION_LEVEL = "-Onone";
			};
			name = Debug;
		};
		01CE75141E0839A700B76D1C /* Release */ = {
			isa = XCBuildConfiguration;
			buildSettings = {
				ALWAYS_SEARCH_USER_PATHS = NO;
				CLANG_ANALYZER_NONNULL = YES;
				CLANG_CXX_LANGUAGE_STANDARD = "gnu++0x";
				CLANG_CXX_LIBRARY = "libc++";
				CLANG_ENABLE_MODULES = YES;
				CLANG_ENABLE_OBJC_ARC = YES;
				CLANG_WARN_BOOL_CONVERSION = YES;
				CLANG_WARN_CONSTANT_CONVERSION = YES;
				CLANG_WARN_DIRECT_OBJC_ISA_USAGE = YES_ERROR;
				CLANG_WARN_DOCUMENTATION_COMMENTS = YES;
				CLANG_WARN_EMPTY_BODY = YES;
				CLANG_WARN_ENUM_CONVERSION = YES;
				CLANG_WARN_INFINITE_RECURSION = YES;
				CLANG_WARN_INT_CONVERSION = YES;
				CLANG_WARN_OBJC_ROOT_CLASS = YES_ERROR;
				CLANG_WARN_SUSPICIOUS_MOVES = YES;
				CLANG_WARN_UNREACHABLE_CODE = YES;
				CLANG_WARN__DUPLICATE_METHOD_MATCH = YES;
				"CODE_SIGN_IDENTITY[sdk=iphoneos*]" = "iPhone Developer";
				COPY_PHASE_STRIP = NO;
				DEBUG_INFORMATION_FORMAT = "dwarf-with-dsym";
				ENABLE_NS_ASSERTIONS = NO;
				ENABLE_STRICT_OBJC_MSGSEND = YES;
				GCC_C_LANGUAGE_STANDARD = gnu99;
				GCC_NO_COMMON_BLOCKS = YES;
				GCC_WARN_64_TO_32_BIT_CONVERSION = YES;
				GCC_WARN_ABOUT_RETURN_TYPE = YES_ERROR;
				GCC_WARN_UNDECLARED_SELECTOR = YES;
				GCC_WARN_UNINITIALIZED_AUTOS = YES_AGGRESSIVE;
				GCC_WARN_UNUSED_FUNCTION = YES;
				GCC_WARN_UNUSED_VARIABLE = YES;
				IPHONEOS_DEPLOYMENT_TARGET = 10.1;
				MTL_ENABLE_DEBUG_INFO = NO;
				SDKROOT = iphoneos;
				SWIFT_OPTIMIZATION_LEVEL = "-Owholemodule";
				VALIDATE_PRODUCT = YES;
			};
			name = Release;
		};
		01CE75161E0839A700B76D1C /* Debug */ = {
			isa = XCBuildConfiguration;
			baseConfigurationReference = 118E2E455C1820DDCED88F4B /* Pods-FMYWeath.debug.xcconfig */;
			buildSettings = {
				ASSETCATALOG_COMPILER_APPICON_NAME = AppIcon;
				DEFINES_MODULE = NO;
				INFOPLIST_FILE = FMYWeath/Info.plist;
				LD_RUNPATH_SEARCH_PATHS = "$(inherited) @executable_path/Frameworks";
				PRODUCT_BUNDLE_IDENTIFIER = linxi.FMYWeath;
				PRODUCT_NAME = "$(TARGET_NAME)";
				SWIFT_OBJC_BRIDGING_HEADER = "FMYWeath/FMYWeath-Bridging-Header.h";
				SWIFT_VERSION = 3.0;
			};
			name = Debug;
		};
		01CE75171E0839A700B76D1C /* Release */ = {
			isa = XCBuildConfiguration;
			baseConfigurationReference = C614AC1BAAD325DB652A9985 /* Pods-FMYWeath.release.xcconfig */;
			buildSettings = {
				ASSETCATALOG_COMPILER_APPICON_NAME = AppIcon;
				DEFINES_MODULE = NO;
				INFOPLIST_FILE = FMYWeath/Info.plist;
				LD_RUNPATH_SEARCH_PATHS = "$(inherited) @executable_path/Frameworks";
				PRODUCT_BUNDLE_IDENTIFIER = linxi.FMYWeath;
				PRODUCT_NAME = "$(TARGET_NAME)";
				SWIFT_OBJC_BRIDGING_HEADER = "FMYWeath/FMYWeath-Bridging-Header.h";
				SWIFT_VERSION = 3.0;
			};
			name = Release;
		};
/* End XCBuildConfiguration section */

/* Begin XCConfigurationList section */
		01CE74FE1E0839A700B76D1C /* Build configuration list for PBXProject "FMYWeath" */ = {
			isa = XCConfigurationList;
			buildConfigurations = (
				01CE75131E0839A700B76D1C /* Debug */,
				01CE75141E0839A700B76D1C /* Release */,
			);
			defaultConfigurationIsVisible = 0;
			defaultConfigurationName = Release;
		};
		01CE75151E0839A700B76D1C /* Build configuration list for PBXNativeTarget "FMYWeath" */ = {
			isa = XCConfigurationList;
			buildConfigurations = (
				01CE75161E0839A700B76D1C /* Debug */,
				01CE75171E0839A700B76D1C /* Release */,
			);
			defaultConfigurationIsVisible = 0;
			defaultConfigurationName = Release;
		};
/* End XCConfigurationList section */
	};
	rootObject = 01CE74FB1E0839A700B76D1C /* Project object */;
}
